
Microsoft Visual Studio Solution File, Format Version 12.00
# Visual Studio Version 16
VisualStudioVersion = 16.0.28917.182
MinimumVisualStudioVersion = 10.0.40219.1
Project("{FAE04EC0-301F-11D3-BF4B-00C04F79EFBC}") = "CourseKeeper.Android", "CourseKeeper\CourseKeeper.Android\CourseKeeper.Android.csproj", "{918887F6-E69B-41D0-A282-3E87523F2DB8}"
EndProject
Project("{9A19103F-16F7-4668-BE54-9A1E7A4F7556}") = "CourseKeeper", "CourseKeeper\CourseKeeper\CourseKeeper.csproj", "{4AC2BEED-BE95-4DB9-927C-5081A003A883}"
EndProject
Global
	GlobalSection(SolutionConfigurationPlatforms) = preSolution
		Debug|Any CPU = Debug|Any CPU
		Release|Any CPU = Release|Any CPU
	EndGlobalSection
	GlobalSection(ProjectConfigurationPlatforms) = postSolution
		{918887F6-E69B-41D0-A282-3E87523F2DB8}.Debug|Any CPU.ActiveCfg = Debug|Any CPU
		{918887F6-E69B-41D0-A282-3E87523F2DB8}.Debug|Any CPU.Build.0 = Debug|Any CPU
		{918887F6-E69B-41D0-A282-3E87523F2DB8}.Debug|Any CPU.Deploy.0 = Debug|Any CPU
		{918887F6-E69B-41D0-A282-3E87523F2DB8}.Release|Any CPU.ActiveCfg = Release|Any CPU
		{918887F6-E69B-41D0-A282-3E87523F2DB8}.Release|Any CPU.Build.0 = Release|Any CPU
		{918887F6-E69B-41D0-A282-3E87523F2DB8}.Release|Any CPU.Deploy.0 = Release|Any CPU
		{4AC2BEED-BE95-4DB9-927C-5081A003A883}.Debug|Any CPU.ActiveCfg = Debug|Any CPU
		{4AC2BEED-BE95-4DB9-927C-5081A003A883}.Debug|Any CPU.Build.0 = Debug|Any CPU
		{4AC2BEED-BE95-4DB9-927C-5081A003A883}.Debug|Any CPU.Deploy.0 = Debug|Any CPU
		{4AC2BEED-BE95-4DB9-927C-5081A003A883}.Release|Any CPU.ActiveCfg = Release|Any CPU
		{4AC2BEED-BE95-4DB9-927C-5081A003A883}.Release|Any CPU.Build.0 = Release|Any CPU
		{4AC2BEED-BE95-4DB9-927C-5081A003A883}.Release|Any CPU.Deploy.0 = Release|Any CPU
	EndGlobalSection
	GlobalSection(SolutionProperties) = preSolution
		HideSolutionNode = FALSE
	EndGlobalSection
	GlobalSection(ExtensibilityGlobals) = postSolution
		SolutionGuid = {1C6635F3-520D-42F6-8673-D969399242F2}
	EndGlobalSection
EndGlobal
